
Microsoft Visual Studio Solution File, Format Version 12.00
# Visual Studio Version 16
VisualStudioVersion = 16.0.31321.278
MinimumVisualStudioVersion = 10.0.40219.1
Project("{9A19103F-16F7-4668-BE54-9A1E7A4F7556}") = "Calculator", "Calculator\Calculator.csproj", "{09406C67-7706-4B97-BFFA-A7427196B1C9}"
EndProject
Project("{9A19103F-16F7-4668-BE54-9A1E7A4F7556}") = "Calculator.Test", "Calculator.Test\Calculator.Test.csproj", "{FEE1ED4F-9E21-487B-BC3D-F945A4B88FA9}"
EndProject
Project("{2150E333-8FDC-42A3-9474-1A3956D46DE8}") = ".gihub", ".gihub", "{975BB29A-0766-4B65-A507-AE2D19E41E5B}"
EndProject
Project("{2150E333-8FDC-42A3-9474-1A3956D46DE8}") = "workflows", "workflows", "{972206C3-5874-4C63-BB19-3675A77B6E34}"
	ProjectSection(SolutionItems) = preProject
		action.yml = action.yml
	EndProjectSection
EndProject
Global
	GlobalSection(SolutionConfigurationPlatforms) = preSolution
		Debug|Any CPU = Debug|Any CPU
		Release|Any CPU = Release|Any CPU
	EndGlobalSection
	GlobalSection(ProjectConfigurationPlatforms) = postSolution
		{09406C67-7706-4B97-BFFA-A7427196B1C9}.Debug|Any CPU.ActiveCfg = Debug|Any CPU
		{09406C67-7706-4B97-BFFA-A7427196B1C9}.Debug|Any CPU.Build.0 = Debug|Any CPU
		{09406C67-7706-4B97-BFFA-A7427196B1C9}.Release|Any CPU.ActiveCfg = Release|Any CPU
		{09406C67-7706-4B97-BFFA-A7427196B1C9}.Release|Any CPU.Build.0 = Release|Any CPU
		{FEE1ED4F-9E21-487B-BC3D-F945A4B88FA9}.Debug|Any CPU.ActiveCfg = Debug|Any CPU
		{FEE1ED4F-9E21-487B-BC3D-F945A4B88FA9}.Debug|Any CPU.Build.0 = Debug|Any CPU
		{FEE1ED4F-9E21-487B-BC3D-F945A4B88FA9}.Release|Any CPU.ActiveCfg = Release|Any CPU
		{FEE1ED4F-9E21-487B-BC3D-F945A4B88FA9}.Release|Any CPU.Build.0 = Release|Any CPU
	EndGlobalSection
	GlobalSection(SolutionProperties) = preSolution
		HideSolutionNode = FALSE
	EndGlobalSection
	GlobalSection(NestedProjects) = preSolution
		{972206C3-5874-4C63-BB19-3675A77B6E34} = {975BB29A-0766-4B65-A507-AE2D19E41E5B}
	EndGlobalSection
	GlobalSection(ExtensibilityGlobals) = postSolution
		SolutionGuid = {3F50A882-F516-4F11-9540-AC834DED42BE}
	EndGlobalSection
EndGlobal
